
Microsoft Visual Studio Solution File, Format Version 12.00
# Visual Studio Version 16
VisualStudioVersion = 16.0.30717.126
MinimumVisualStudioVersion = 10.0.40219.1
Project("{9A19103F-16F7-4668-BE54-9A1E7A4F7556}") = "IssueTracker.Presentation", "src\IssueTracker.Presentation\IssueTracker.Presentation.csproj", "{F1915FE1-C6CE-4DC8-8D03-5F3C88F3FF32}"
EndProject
Project("{9A19103F-16F7-4668-BE54-9A1E7A4F7556}") = "IssueTracker.Application", "src\Core\IssueTracker.Application\IssueTracker.Application.csproj", "{7FA3396A-3354-4D7A-8F0A-4FE3AFE24B86}"
EndProject
Project("{2150E333-8FDC-42A3-9474-1A3956D46DE8}") = "Solution Items", "Solution Items", "{005DFE60-222C-4CD0-AECF-2B30A344BD06}"
EndProject
Project("{2150E333-8FDC-42A3-9474-1A3956D46DE8}") = "src", "src", "{36C71474-44C9-451E-BF20-9135BFCE59FB}"
EndProject
Project("{2150E333-8FDC-42A3-9474-1A3956D46DE8}") = "Core", "Core", "{5BFC0AAC-9DDC-4ADD-8423-D5D4246CEED6}"
EndProject
Project("{9A19103F-16F7-4668-BE54-9A1E7A4F7556}") = "IssueTracker.Domain", "src\Core\IssueTracker.Domain\IssueTracker.Domain.csproj", "{D6DBE9E9-8792-4A2B-87EC-8E2392EBAD62}"
EndProject
Project("{2150E333-8FDC-42A3-9474-1A3956D46DE8}") = "Infrastructure", "Infrastructure", "{B0209831-E5D3-422A-BF4B-932FF4B4FC40}"
EndProject
Project("{FAE04EC0-301F-11D3-BF4B-00C04F79EFBC}") = "IssueTracker.Persistence", "src\Infrastructure\IssueTracker.Persistence\IssueTracker.Persistence.csproj", "{A2EE4025-2C1A-492A-A3CB-1A976D80354F}"
EndProject
Project("{FAE04EC0-301F-11D3-BF4B-00C04F79EFBC}") = "IssueTracker.Infrastructure", "src\Infrastructure\IssueTracker.Infrastructure\IssueTracker.Infrastructure.csproj", "{812F0C1B-1EAB-4DBA-8FA9-1954466B9725}"
EndProject
Project("{2150E333-8FDC-42A3-9474-1A3956D46DE8}") = "Common", "Common", "{4B7CC96D-77EA-4D0E-8BE6-D4474A4C6CF6}"
EndProject
Project("{FAE04EC0-301F-11D3-BF4B-00C04F79EFBC}") = "IssueTracker.Common", "src\Common\IssueTracker.Common\IssueTracker.Common.csproj", "{CE79B0DD-8EF2-471D-9EE5-DAC26C5E7F09}"
EndProject
Global
	GlobalSection(SolutionConfigurationPlatforms) = preSolution
		Debug|Any CPU = Debug|Any CPU
		Release|Any CPU = Release|Any CPU
	EndGlobalSection
	GlobalSection(ProjectConfigurationPlatforms) = postSolution
		{F1915FE1-C6CE-4DC8-8D03-5F3C88F3FF32}.Debug|Any CPU.ActiveCfg = Debug|Any CPU
		{F1915FE1-C6CE-4DC8-8D03-5F3C88F3FF32}.Debug|Any CPU.Build.0 = Debug|Any CPU
		{F1915FE1-C6CE-4DC8-8D03-5F3C88F3FF32}.Release|Any CPU.ActiveCfg = Release|Any CPU
		{F1915FE1-C6CE-4DC8-8D03-5F3C88F3FF32}.Release|Any CPU.Build.0 = Release|Any CPU
		{7FA3396A-3354-4D7A-8F0A-4FE3AFE24B86}.Debug|Any CPU.ActiveCfg = Debug|Any CPU
		{7FA3396A-3354-4D7A-8F0A-4FE3AFE24B86}.Debug|Any CPU.Build.0 = Debug|Any CPU
		{7FA3396A-3354-4D7A-8F0A-4FE3AFE24B86}.Release|Any CPU.ActiveCfg = Release|Any CPU
		{7FA3396A-3354-4D7A-8F0A-4FE3AFE24B86}.Release|Any CPU.Build.0 = Release|Any CPU
		{D6DBE9E9-8792-4A2B-87EC-8E2392EBAD62}.Debug|Any CPU.ActiveCfg = Debug|Any CPU
		{D6DBE9E9-8792-4A2B-87EC-8E2392EBAD62}.Debug|Any CPU.Build.0 = Debug|Any CPU
		{D6DBE9E9-8792-4A2B-87EC-8E2392EBAD62}.Release|Any CPU.ActiveCfg = Release|Any CPU
		{D6DBE9E9-8792-4A2B-87EC-8E2392EBAD62}.Release|Any CPU.Build.0 = Release|Any CPU
		{A2EE4025-2C1A-492A-A3CB-1A976D80354F}.Debug|Any CPU.ActiveCfg = Debug|Any CPU
		{A2EE4025-2C1A-492A-A3CB-1A976D80354F}.Debug|Any CPU.Build.0 = Debug|Any CPU
		{A2EE4025-2C1A-492A-A3CB-1A976D80354F}.Release|Any CPU.ActiveCfg = Release|Any CPU
		{A2EE4025-2C1A-492A-A3CB-1A976D80354F}.Release|Any CPU.Build.0 = Release|Any CPU
		{812F0C1B-1EAB-4DBA-8FA9-1954466B9725}.Debug|Any CPU.ActiveCfg = Debug|Any CPU
		{812F0C1B-1EAB-4DBA-8FA9-1954466B9725}.Debug|Any CPU.Build.0 = Debug|Any CPU
		{812F0C1B-1EAB-4DBA-8FA9-1954466B9725}.Release|Any CPU.ActiveCfg = Release|Any CPU
		{812F0C1B-1EAB-4DBA-8FA9-1954466B9725}.Release|Any CPU.Build.0 = Release|Any CPU
		{CE79B0DD-8EF2-471D-9EE5-DAC26C5E7F09}.Debug|Any CPU.ActiveCfg = Debug|Any CPU
		{CE79B0DD-8EF2-471D-9EE5-DAC26C5E7F09}.Debug|Any CPU.Build.0 = Debug|Any CPU
		{CE79B0DD-8EF2-471D-9EE5-DAC26C5E7F09}.Release|Any CPU.ActiveCfg = Release|Any CPU
		{CE79B0DD-8EF2-471D-9EE5-DAC26C5E7F09}.Release|Any CPU.Build.0 = Release|Any CPU
	EndGlobalSection
	GlobalSection(SolutionProperties) = preSolution
		HideSolutionNode = FALSE
	EndGlobalSection
	GlobalSection(NestedProjects) = preSolution
		{F1915FE1-C6CE-4DC8-8D03-5F3C88F3FF32} = {36C71474-44C9-451E-BF20-9135BFCE59FB}
		{7FA3396A-3354-4D7A-8F0A-4FE3AFE24B86} = {5BFC0AAC-9DDC-4ADD-8423-D5D4246CEED6}
		{5BFC0AAC-9DDC-4ADD-8423-D5D4246CEED6} = {36C71474-44C9-451E-BF20-9135BFCE59FB}
		{D6DBE9E9-8792-4A2B-87EC-8E2392EBAD62} = {5BFC0AAC-9DDC-4ADD-8423-D5D4246CEED6}
		{B0209831-E5D3-422A-BF4B-932FF4B4FC40} = {36C71474-44C9-451E-BF20-9135BFCE59FB}
		{A2EE4025-2C1A-492A-A3CB-1A976D80354F} = {B0209831-E5D3-422A-BF4B-932FF4B4FC40}
		{812F0C1B-1EAB-4DBA-8FA9-1954466B9725} = {B0209831-E5D3-422A-BF4B-932FF4B4FC40}
		{4B7CC96D-77EA-4D0E-8BE6-D4474A4C6CF6} = {36C71474-44C9-451E-BF20-9135BFCE59FB}
		{CE79B0DD-8EF2-471D-9EE5-DAC26C5E7F09} = {4B7CC96D-77EA-4D0E-8BE6-D4474A4C6CF6}
	EndGlobalSection
	GlobalSection(ExtensibilityGlobals) = postSolution
		SolutionGuid = {D0A28337-D2AE-4C39-B1CA-A42AC05C462C}
	EndGlobalSection
EndGlobal
